// !$*UTF8*$!
{
	archiveVersion = 1;
	classes = {
	};
	objectVersion = 77;
	objects = {

/* Begin PBXBuildFile section */
		4B1836702FBCB05400E2AB8C /* FirebaseAnalytics in Frameworks */ = {isa = PBXBuildFile; productRef = 4B18366F2FBCB05400E2AB8C /* FirebaseAnalytics */; };
		4B1836722FBCB05400E2AB8C /* FirebaseAuth in Frameworks */ = {isa = PBXBuildFile; productRef = 4B1836712FBCB05400E2AB8C /* FirebaseAuth */; };
		4B1836742FBCB05400E2AB8C /* FirebaseCore in Frameworks */ = {isa = PBXBuildFile; productRef = 4B1836732FBCB05400E2AB8C /* FirebaseCore */; };
		4B1836762FBCB05400E2AB8C /* FirebaseCrashlytics in Frameworks */ = {isa = PBXBuildFile; productRef = 4B1836752FBCB05400E2AB8C /* FirebaseCrashlytics */; };
		4B1836782FBCB05400E2AB8C /* FirebaseDatabase in Frameworks */ = {isa = PBXBuildFile; productRef = 4B1836772FBCB05400E2AB8C /* FirebaseDatabase */; };
		4B18367A2FBCB05400E2AB8C /* FirebaseFirestore in Frameworks */ = {isa = PBXBuildFile; productRef = 4B1836792FBCB05400E2AB8C /* FirebaseFirestore */; };
		4B18367C2FBCB05400E2AB8C /* FirebaseFunctions in Frameworks */ = {isa = PBXBuildFile; productRef = 4B18367B2FBCB05400E2AB8C /* FirebaseFunctions */; };
		4B18367E2FBCB05400E2AB8C /* FirebaseMessaging in Frameworks */ = {isa = PBXBuildFile; productRef = 4B18367D2FBCB05400E2AB8C /* FirebaseMessaging */; };
		4B1836802FBCB05400E2AB8C /* FirebasePerformance in Frameworks */ = {isa = PBXBuildFile; productRef = 4B18367F2FBCB05400E2AB8C /* FirebasePerformance */; };
		4B1836822FBCB05400E2AB8C /* FirebaseRemoteConfig in Frameworks */ = {isa = PBXBuildFile; productRef = 4B1836812FBCB05400E2AB8C /* FirebaseRemoteConfig */; };
		4B1836842FBCB05400E2AB8C /* FirebaseStorage in Frameworks */ = {isa = PBXBuildFile; productRef = 4B1836832FBCB05400E2AB8C /* FirebaseStorage */; };
		4B82F71730102A09002E2C68 /* DeviceCheck.framework in Frameworks */ = {isa = PBXBuildFile; fileRef = 4B82F715301029E5002E2C68 /* DeviceCheck.framework */; };
		4B9AB2833013EAE400D27AD8 /* RecaptchaEnterprise in Frameworks */ = {isa = PBXBuildFile; productRef = 4B9AB2823013EAE400D27AD8 /* RecaptchaEnterprise */; };
		4BCDD97E2FBC72A5008D7B56 /* libsqlite3.tbd in Frameworks */ = {isa = PBXBuildFile; fileRef = 4BCDD97D2FBC72A5008D7B56 /* libsqlite3.tbd */; };
		4BDD41BB2FFC3DED000D6110 /* FirebaseAILogic in Frameworks */ = {isa = PBXBuildFile; productRef = 4BDD41BA2FFC3DED000D6110 /* FirebaseAILogic */; };
		4BF442632FC102A700B1150B /* FirebaseAppCheck in Frameworks */ = {isa = PBXBuildFile; productRef = 4BF442622FC102A700B1150B /* FirebaseAppCheck */; };
		4BF97BCA2FE7F05300484559 /* GoogleSignIn in Frameworks */ = {isa = PBXBuildFile; productRef = 4BF97BC92FE7F05300484559 /* GoogleSignIn */; };
		4BF97BCC2FE7F05300484559 /* GoogleSignInSwift in Frameworks */ = {isa = PBXBuildFile; productRef = 4BF97BCB2FE7F05300484559 /* GoogleSignInSwift */; };
/* End PBXBuildFile section */

/* Begin PBXFileReference section */
		3825B5DAA5E5BFEEC500E648 /* YkisMobKMP.app */ = {isa = PBXFileReference; explicitFileType = wrapper.application; includeInIndex = 0; path = YkisMobKMP.app; sourceTree = BUILT_PRODUCTS_DIR; };
		4B18366D2FBCAFB300E2AB8C /* libsqlite3.0.tbd */ = {isa = PBXFileReference; lastKnownFileType = "sourcecode.text-based-dylib-definition"; name = libsqlite3.0.tbd; path = usr/lib/libsqlite3.0.tbd; sourceTree = SDKROOT; };
		4B82F715301029E5002E2C68 /* DeviceCheck.framework */ = {isa = PBXFileReference; lastKnownFileType = wrapper.framework; name = DeviceCheck.framework; path = System/Library/Frameworks/DeviceCheck.framework; sourceTree = SDKROOT; };
		4BCDD97D2FBC72A5008D7B56 /* libsqlite3.tbd */ = {isa = PBXFileReference; lastKnownFileType = "sourcecode.text-based-dylib-definition"; name = libsqlite3.tbd; path = usr/lib/libsqlite3.tbd; sourceTree = SDKROOT; };
/* End PBXFileReference section */

/* Begin PBXFileSystemSynchronizedBuildFileExceptionSet section */
		94BBF952904984A590B3C704 /* Exceptions for "iosApp" folder in "iosApp" target */ = {
			isa = PBXFileSystemSynchronizedBuildFileExceptionSet;
			membershipExceptions = (
				Info.plist,
			);
			target = 5C7D45A69478C643B0961B72 /* iosApp */;
		};
/* End PBXFileSystemSynchronizedBuildFileExceptionSet section */

/* Begin PBXFileSystemSynchronizedRootGroup section */
		1E0375C8670EDF17929B4E3C /* Configuration */ = {
			isa = PBXFileSystemSynchronizedRootGroup;
			path = Configuration;
			sourceTree = "<group>";
		};
		9B2F202EB5D0C9732B35C103 /* iosApp */ = {
			isa = PBXFileSystemSynchronizedRootGroup;
			exceptions = (
				94BBF952904984A590B3C704 /* Exceptions for "iosApp" folder in "iosApp" target */,
			);
			path = iosApp;
			sourceTree = "<group>";
		};
/* End PBXFileSystemSynchronizedRootGroup section */

/* Begin PBXFrameworksBuildPhase section */
		DAB7372AFA47C2DE33BB30E7 /* Frameworks */ = {
			isa = PBXFrameworksBuildPhase;
			buildActionMask = 2147483647;
			files = (
				4BF97BCC2FE7F05300484559 /* GoogleSignInSwift in Frameworks */,
				4B82F71730102A09002E2C68 /* DeviceCheck.framework in Frameworks */,
				4B1836822FBCB05400E2AB8C /* FirebaseRemoteConfig in Frameworks */,
				4BF442632FC102A700B1150B /* FirebaseAppCheck in Frameworks */,
				4B18367E2FBCB05400E2AB8C /* FirebaseMessaging in Frameworks */,
				4B1836782FBCB05400E2AB8C /* FirebaseDatabase in Frameworks */,
				4B1836802FBCB05400E2AB8C /* FirebasePerformance in Frameworks */,
				4B1836702FBCB05400E2AB8C /* FirebaseAnalytics in Frameworks */,
				4B1836842FBCB05400E2AB8C /* FirebaseStorage in Frameworks */,
				4BDD41BB2FFC3DED000D6110 /* FirebaseAILogic in Frameworks */,
				4B1836722FBCB05400E2AB8C /* FirebaseAuth in Frameworks */,
				4B18367C2FBCB05400E2AB8C /* FirebaseFunctions in Frameworks */,
				4B1836762FBCB05400E2AB8C /* FirebaseCrashlytics in Frameworks */,
				4B1836742FBCB05400E2AB8C /* FirebaseCore in Frameworks */,
				4BCDD97E2FBC72A5008D7B56 /* libsqlite3.tbd in Frameworks */,
				4B18367A2FBCB05400E2AB8C /* FirebaseFirestore in Frameworks */,
				4BF97BCA2FE7F05300484559 /* GoogleSignIn in Frameworks */,
				4B9AB2833013EAE400D27AD8 /* RecaptchaEnterprise in Frameworks */,
			);
			runOnlyForDeploymentPostprocessing = 0;
		};
/* End PBXFrameworksBuildPhase section */

/* Begin PBXGroup section */
		31EFAAE71B5B14D7839F127E = {
			isa = PBXGroup;
			children = (
				1E0375C8670EDF17929B4E3C /* Configuration */,
				9B2F202EB5D0C9732B35C103 /* iosApp */,
				4BCDD97C2FBC72A5008D7B56 /* Frameworks */,
				5EA57595E85066EF3C036872 /* Products */,
			);
			sourceTree = "<group>";
		};
		4BCDD97C2FBC72A5008D7B56 /* Frameworks */ = {
			isa = PBXGroup;
			children = (
				4B82F715301029E5002E2C68 /* DeviceCheck.framework */,
				4B18366D2FBCAFB300E2AB8C /* libsqlite3.0.tbd */,
				4BCDD97D2FBC72A5008D7B56 /* libsqlite3.tbd */,
			);
			name = Frameworks;
			sourceTree = "<group>";
		};
		5EA57595E85066EF3C036872 /* Products */ = {
			isa = PBXGroup;
			children = (
				3825B5DAA5E5BFEEC500E648 /* YkisMobKMP.app */,
			);
			name = Products;
			sourceTree = "<group>";
		};
/* End PBXGroup section */

/* Begin PBXNativeTarget section */
		5C7D45A69478C643B0961B72 /* iosApp */ = {
			isa = PBXNativeTarget;
			buildConfigurationList = 80D56AD5FC2D77CE5EE5DE0B /* Build configuration list for PBXNativeTarget "iosApp" */;
			buildPhases = (
				748CAEDB2BA3F7DDF5DBCE0D /* Compile Kotlin Framework */,
				0A669393BC2BB0754F14E8EF /* Sources */,
				DAB7372AFA47C2DE33BB30E7 /* Frameworks */,
				FB8939904E85A60D10D2DB40 /* Resources */,
			);
			buildRules = (
			);
			dependencies = (
			);
			fileSystemSynchronizedGroups = (
				9B2F202EB5D0C9732B35C103 /* iosApp */,
			);
			name = iosApp;
			packageProductDependencies = (
				4B18366F2FBCB05400E2AB8C /* FirebaseAnalytics */,
				4B1836712FBCB05400E2AB8C /* FirebaseAuth */,
				4B1836732FBCB05400E2AB8C /* FirebaseCore */,
				4B1836752FBCB05400E2AB8C /* FirebaseCrashlytics */,
				4B1836772FBCB05400E2AB8C /* FirebaseDatabase */,
				4B1836792FBCB05400E2AB8C /* FirebaseFirestore */,
				4B18367B2FBCB05400E2AB8C /* FirebaseFunctions */,
				4B18367D2FBCB05400E2AB8C /* FirebaseMessaging */,
				4B18367F2FBCB05400E2AB8C /* FirebasePerformance */,
				4B1836812FBCB05400E2AB8C /* FirebaseRemoteConfig */,
				4B1836832FBCB05400E2AB8C /* FirebaseStorage */,
				4BF442622FC102A700B1150B /* FirebaseAppCheck */,
				4BF97BC92FE7F05300484559 /* GoogleSignIn */,
				4BF97BCB2FE7F05300484559 /* GoogleSignInSwift */,
				4BDD41BA2FFC3DED000D6110 /* FirebaseAILogic */,
				4B9AB2823013EAE400D27AD8 /* RecaptchaEnterprise */,
			);
			productName = iosApp;
			productReference = 3825B5DAA5E5BFEEC500E648 /* YkisMobKMP.app */;
			productType = "com.apple.product-type.application";
		};
/* End PBXNativeTarget section */

/* Begin PBXProject section */
		E47D43EDFC611AD110F8CA55 /* Project object */ = {
			isa = PBXProject;
			attributes = {
				BuildIndependentTargetsInParallel = 1;
				LastSwiftUpdateCheck = 1620;
				LastUpgradeCheck = 1620;
				TargetAttributes = {
					5C7D45A69478C643B0961B72 = {
						CreatedOnToolsVersion = 16.2;
					};
				};
			};
			buildConfigurationList = 46D94F84930B633B9A3855E8 /* Build configuration list for PBXProject "iosApp" */;
			developmentRegion = en;
			hasScannedForEncodings = 0;
			knownRegions = (
				en,
				Base,
			);
			mainGroup = 31EFAAE71B5B14D7839F127E;
			minimizedProjectReferenceProxies = 1;
			packageReferences = (
				4B18366E2FBCB05400E2AB8C /* XCRemoteSwiftPackageReference "firebase-ios-sdk" */,
				4BF97BC82FE7F05300484559 /* XCRemoteSwiftPackageReference "GoogleSignIn-iOS" */,
				4B9AB2813013EAE400D27AD8 /* XCRemoteSwiftPackageReference "recaptcha-enterprise-mobile-sdk" */,
			);
			preferredProjectObjectVersion = 77;
			productRefGroup = 5EA57595E85066EF3C036872 /* Products */;
			projectDirPath = "";
			projectRoot = "";
			targets = (
				5C7D45A69478C643B0961B72 /* iosApp */,
			);
		};
/* End PBXProject section */

/* Begin PBXResourcesBuildPhase section */
		FB8939904E85A60D10D2DB40 /* Resources */ = {
			isa = PBXResourcesBuildPhase;
			buildActionMask = 2147483647;
			files = (
			);
			runOnlyForDeploymentPostprocessing = 0;
		};
/* End PBXResourcesBuildPhase section */

/* Begin PBXShellScriptBuildPhase section */
		748CAEDB2BA3F7DDF5DBCE0D /* Compile Kotlin Framework */ = {
			isa = PBXShellScriptBuildPhase;
			alwaysOutOfDate = 1;
			buildActionMask = 2147483647;
			files = (
			);
			inputFileListPaths = (
			);
			inputPaths = (
			);
			name = "Compile Kotlin Framework";
			outputFileListPaths = (
			);
			outputPaths = (
			);
			runOnlyForDeploymentPostprocessing = 0;
			shellPath = /bin/sh;
			shellScript = "if [ \"YES\" = \"$OVERRIDE_KOTLIN_BUILD_IDE_SUPPORTED\" ]; then\n  echo \"Skipping Gradle build task invocation due to OVERRIDE_KOTLIN_BUILD_IDE_SUPPORTED environment variable set to \\\"YES\\\"\"\n  exit 0\nfi\ncd \"$SRCROOT/..\"\n./gradlew :composeApp:embedAndSignAppleFrameworkForXcode\n";
		};
/* End PBXShellScriptBuildPhase section */

/* Begin PBXSourcesBuildPhase section */
		0A669393BC2BB0754F14E8EF /* Sources */ = {
			isa = PBXSourcesBuildPhase;
			buildActionMask = 2147483647;
			files = (
			);
			runOnlyForDeploymentPostprocessing = 0;
		};
/* End PBXSourcesBuildPhase section */

/* Begin XCBuildConfiguration section */
		0BD763F8E12526F3DA048FB6 /* Debug */ = {
			isa = XCBuildConfiguration;
			buildSettings = {
				ALLOW_TARGET_PLATFORM_SPECIALIZATION = YES;
				ARCHS = arm64;
				ASSETCATALOG_COMPILER_APPICON_NAME = AppIcon;
				ASSETCATALOG_COMPILER_GLOBAL_ACCENT_COLOR_NAME = AccentColor;
				ASSETCATALOG_COMPILER_INCLUDE_ALL_APPICON_ASSETS = YES;
				CODE_SIGN_ENTITLEMENTS = iosApp/iosApp.entitlements;
				CODE_SIGN_IDENTITY = "Apple Development";
				CODE_SIGN_STYLE = Automatic;
				CURRENT_PROJECT_VERSION = 4;
				DEVELOPMENT_ASSET_PATHS = "\"iosApp/Preview Content\"";
				DEVELOPMENT_TEAM = 8AHNTYBJZN;
				ENABLE_PREVIEWS = YES;
				GENERATE_INFOPLIST_FILE = YES;
				INFOPLIST_FILE = iosApp/Info.plist;
				INFOPLIST_KEY_CFBundleDisplayName = "ЮКІС";
				INFOPLIST_KEY_ITSAppUsesNonExemptEncryption = NO;
				INFOPLIST_KEY_NSCameraUsageDescription = "Додаток використовує камеру для сканування показників лічильників та завантаження фото у чати підтримки.";
				INFOPLIST_KEY_UIApplicationSceneManifest_Generation = YES;
				INFOPLIST_KEY_UIApplicationSupportsIndirectInputEvents = YES;
				INFOPLIST_KEY_UILaunchScreen_Generation = YES;
				INFOPLIST_KEY_UISupportedInterfaceOrientations_iPad = "UIInterfaceOrientationPortrait UIInterfaceOrientationPortraitUpsideDown UIInterfaceOrientationLandscapeLeft UIInterfaceOrientationLandscapeRight";
				INFOPLIST_KEY_UISupportedInterfaceOrientations_iPhone = "UIInterfaceOrientationPortrait UIInterfaceOrientationLandscapeLeft UIInterfaceOrientationLandscapeRight";
				IPHONEOS_DEPLOYMENT_TARGET = 15.6;
				LD_RUNPATH_SEARCH_PATHS = (
					"$(inherited)",
					"@executable_path/Frameworks",
				);
				MARKETING_VERSION = 1.1.1;
				PROVISIONING_PROFILE_SPECIFIER = "";
				SUPPORTED_PLATFORMS = "iphoneos iphonesimulator";
				SUPPORTS_MACCATALYST = NO;
				SUPPORTS_XR_DESIGNED_FOR_IPHONE_IPAD = NO;
				SWIFT_EMIT_LOC_STRINGS = YES;
				SWIFT_VERSION = 5.0;
				TARGETED_DEVICE_FAMILY = "1,2";
			};
			name = Debug;
		};
		3C49B373D6162F33CF7E9028 /* Release */ = {
			isa = XCBuildConfiguration;
			buildSettings = {
				ALLOW_TARGET_PLATFORM_SPECIALIZATION = YES;
				ARCHS = arm64;
				ASSETCATALOG_COMPILER_APPICON_NAME = AppIcon;
				ASSETCATALOG_COMPILER_GLOBAL_ACCENT_COLOR_NAME = AccentColor;
				ASSETCATALOG_COMPILER_INCLUDE_ALL_APPICON_ASSETS = YES;
				CODE_SIGN_ENTITLEMENTS = iosApp/iosApp.entitlements;
				CODE_SIGN_IDENTITY = "Apple Development";
				CODE_SIGN_STYLE = Automatic;
				CURRENT_PROJECT_VERSION = 4;
				DEVELOPMENT_ASSET_PATHS = "\"iosApp/Preview Content\"";
				DEVELOPMENT_TEAM = 8AHNTYBJZN;
				ENABLE_PREVIEWS = YES;
				GENERATE_INFOPLIST_FILE = YES;
				INFOPLIST_FILE = iosApp/Info.plist;
				INFOPLIST_KEY_CFBundleDisplayName = "ЮКІС";
				INFOPLIST_KEY_ITSAppUsesNonExemptEncryption = NO;
				INFOPLIST_KEY_NSCameraUsageDescription = "Додаток використовує камеру для сканування показників лічильників та завантаження фото у чати підтримки.";
				INFOPLIST_KEY_UIApplicationSceneManifest_Generation = YES;
				INFOPLIST_KEY_UIApplicationSupportsIndirectInputEvents = YES;
				INFOPLIST_KEY_UILaunchScreen_Generation = YES;
				INFOPLIST_KEY_UISupportedInterfaceOrientations_iPad = "UIInterfaceOrientationPortrait UIInterfaceOrientationPortraitUpsideDown UIInterfaceOrientationLandscapeLeft UIInterfaceOrientationLandscapeRight";
				INFOPLIST_KEY_UISupportedInterfaceOrientations_iPhone = "UIInterfaceOrientationPortrait UIInterfaceOrientationLandscapeLeft UIInterfaceOrientationLandscapeRight";
				IPHONEOS_DEPLOYMENT_TARGET = 15.6;
				LD_RUNPATH_SEARCH_PATHS = (
					"$(inherited)",
					"@executable_path/Frameworks",
				);
				MARKETING_VERSION = 1.1.1;
				SUPPORTED_PLATFORMS = "iphoneos iphonesimulator";
				SUPPORTS_MACCATALYST = NO;
				SUPPORTS_XR_DESIGNED_FOR_IPHONE_IPAD = NO;
				SWIFT_EMIT_LOC_STRINGS = YES;
				SWIFT_VERSION = 5.0;
				TARGETED_DEVICE_FAMILY = "1,2";
			};
			name = Release;
		};
		AD7B8D1BE82CF86F899D687E /* Release */ = {
			isa = XCBuildConfiguration;
			baseConfigurationReferenceAnchor = 1E0375C8670EDF17929B4E3C /* Configuration */;
			baseConfigurationReferenceRelativePath = Config.xcconfig;
			buildSettings = {
				ALWAYS_SEARCH_USER_PATHS = NO;
				ASSETCATALOG_COMPILER_GENERATE_SWIFT_ASSET_SYMBOL_EXTENSIONS = YES;
				CLANG_ANALYZER_NONNULL = YES;
				CLANG_ANALYZER_NUMBER_OBJECT_CONVERSION = YES_AGGRESSIVE;
				CLANG_CXX_LANGUAGE_STANDARD = "gnu++20";
				CLANG_ENABLE_MODULES = YES;
				CLANG_ENABLE_OBJC_ARC = YES;
				CLANG_ENABLE_OBJC_WEAK = YES;
				CLANG_WARN_BLOCK_CAPTURE_AUTORELEASING = YES;
				CLANG_WARN_BOOL_CONVERSION = YES;
				CLANG_WARN_COMMA = YES;
				CLANG_WARN_CONSTANT_CONVERSION = YES;
				CLANG_WARN_DEPRECATED_OBJC_IMPLEMENTATIONS = YES;
				CLANG_WARN_DIRECT_OBJC_ISA_USAGE = YES_ERROR;
				CLANG_WARN_DOCUMENTATION_COMMENTS = YES;
				CLANG_WARN_EMPTY_BODY = YES;
				CLANG_WARN_ENUM_CONVERSION = YES;
				CLANG_WARN_INFINITE_RECURSION = YES;
				CLANG_WARN_INT_CONVERSION = YES;
				CLANG_WARN_NON_LITERAL_NULL_CONVERSION = YES;
				CLANG_WARN_OBJC_IMPLICIT_RETAIN_SELF = YES;
				CLANG_WARN_OBJC_LITERAL_CONVERSION = YES;
				CLANG_WARN_OBJC_ROOT_CLASS = YES_ERROR;
				CLANG_WARN_QUOTED_INCLUDE_IN_FRAMEWORK_HEADER = YES;
				CLANG_WARN_RANGE_LOOP_ANALYSIS = YES;
				CLANG_WARN_STRICT_PROTOTYPES = YES;
				CLANG_WARN_SUSPICIOUS_MOVE = YES;
				CLANG_WARN_UNGUARDED_AVAILABILITY = YES_AGGRESSIVE;
				CLANG_WARN_UNREACHABLE_CODE = YES;
				CLANG_WARN__DUPLICATE_METHOD_MATCH = YES;
				COPY_PHASE_STRIP = NO;
				DEBUG_INFORMATION_FORMAT = "dwarf-with-dsym";
				ENABLE_NS_ASSERTIONS = NO;
				ENABLE_STRICT_OBJC_MSGSEND = YES;
				ENABLE_USER_SCRIPT_SANDBOXING = NO;
				GCC_C_LANGUAGE_STANDARD = gnu17;
				GCC_NO_COMMON_BLOCKS = YES;
				GCC_WARN_64_TO_32_BIT_CONVERSION = YES;
				GCC_WARN_ABOUT_RETURN_TYPE = YES_ERROR;
				GCC_WARN_UNDECLARED_SELECTOR = YES;
				GCC_WARN_UNINITIALIZED_AUTOS = YES_AGGRESSIVE;
				GCC_WARN_UNUSED_FUNCTION = YES;
				GCC_WARN_UNUSED_VARIABLE = YES;
				IPHONEOS_DEPLOYMENT_TARGET = 15.6;
				LOCALIZATION_PREFERS_STRING_CATALOGS = YES;
				MTL_ENABLE_DEBUG_INFO = NO;
				MTL_FAST_MATH = YES;
				"OTHER_LDFLAGS[arch=*]" = "-lsqlite3";
				SDKROOT = iphoneos;
				SWIFT_COMPILATION_MODE = wholemodule;
				VALIDATE_PRODUCT = YES;
			};
			name = Release;
		};
		D2B9F5CB2D7E31D32013B9E7 /* Debug */ = {
			isa = XCBuildConfiguration;
			baseConfigurationReferenceAnchor = 1E0375C8670EDF17929B4E3C /* Configuration */;
			baseConfigurationReferenceRelativePath = Config.xcconfig;
			buildSettings = {
				ALWAYS_SEARCH_USER_PATHS = NO;
				ASSETCATALOG_COMPILER_GENERATE_SWIFT_ASSET_SYMBOL_EXTENSIONS = YES;
				CLANG_ANALYZER_NONNULL = YES;
				CLANG_ANALYZER_NUMBER_OBJECT_CONVERSION = YES_AGGRESSIVE;
				CLANG_CXX_LANGUAGE_STANDARD = "gnu++20";
				CLANG_ENABLE_MODULES = YES;
				CLANG_ENABLE_OBJC_ARC = YES;
				CLANG_ENABLE_OBJC_WEAK = YES;
				CLANG_WARN_BLOCK_CAPTURE_AUTORELEASING = YES;
				CLANG_WARN_BOOL_CONVERSION = YES;
				CLANG_WARN_COMMA = YES;
				CLANG_WARN_CONSTANT_CONVERSION = YES;
				CLANG_WARN_DEPRECATED_OBJC_IMPLEMENTATIONS = YES;
				CLANG_WARN_DIRECT_OBJC_ISA_USAGE = YES_ERROR;
				CLANG_WARN_DOCUMENTATION_COMMENTS = YES;
				CLANG_WARN_EMPTY_BODY = YES;
				CLANG_WARN_ENUM_CONVERSION = YES;
				CLANG_WARN_INFINITE_RECURSION = YES;
				CLANG_WARN_INT_CONVERSION = YES;
				CLANG_WARN_NON_LITERAL_NULL_CONVERSION = YES;
				CLANG_WARN_OBJC_IMPLICIT_RETAIN_SELF = YES;
				CLANG_WARN_OBJC_LITERAL_CONVERSION = YES;
				CLANG_WARN_OBJC_ROOT_CLASS = YES_ERROR;
				CLANG_WARN_QUOTED_INCLUDE_IN_FRAMEWORK_HEADER = YES;
				CLANG_WARN_RANGE_LOOP_ANALYSIS = YES;
				CLANG_WARN_STRICT_PROTOTYPES = YES;
				CLANG_WARN_SUSPICIOUS_MOVE = YES;
				CLANG_WARN_UNGUARDED_AVAILABILITY = YES_AGGRESSIVE;
				CLANG_WARN_UNREACHABLE_CODE = YES;
				CLANG_WARN__DUPLICATE_METHOD_MATCH = YES;
				COPY_PHASE_STRIP = NO;
				DEBUG_INFORMATION_FORMAT = dwarf;
				ENABLE_STRICT_OBJC_MSGSEND = YES;
				ENABLE_TESTABILITY = YES;
				ENABLE_USER_SCRIPT_SANDBOXING = NO;
				GCC_C_LANGUAGE_STANDARD = gnu17;
				GCC_DYNAMIC_NO_PIC = NO;
				GCC_NO_COMMON_BLOCKS = YES;
				GCC_OPTIMIZATION_LEVEL = 0;
				GCC_PREPROCESSOR_DEFINITIONS = (
					"DEBUG=1",
					"$(inherited)",
				);
				GCC_WARN_64_TO_32_BIT_CONVERSION = YES;
				GCC_WARN_ABOUT_RETURN_TYPE = YES_ERROR;
				GCC_WARN_UNDECLARED_SELECTOR = YES;
				GCC_WARN_UNINITIALIZED_AUTOS = YES_AGGRESSIVE;
				GCC_WARN_UNUSED_FUNCTION = YES;
				GCC_WARN_UNUSED_VARIABLE = YES;
				IPHONEOS_DEPLOYMENT_TARGET = 15.6;
				LOCALIZATION_PREFERS_STRING_CATALOGS = YES;
				MTL_ENABLE_DEBUG_INFO = INCLUDE_SOURCE;
				MTL_FAST_MATH = YES;
				ONLY_ACTIVE_ARCH = YES;
				"OTHER_LDFLAGS[arch=*]" = "-lsqlite3";
				SDKROOT = iphoneos;
				SWIFT_ACTIVE_COMPILATION_CONDITIONS = "DEBUG $(inherited)";
				SWIFT_OPTIMIZATION_LEVEL = "-Onone";
			};
			name = Debug;
		};
/* End XCBuildConfiguration section */

/* Begin XCConfigurationList section */
		46D94F84930B633B9A3855E8 /* Build configuration list for PBXProject "iosApp" */ = {
			isa = XCConfigurationList;
			buildConfigurations = (
				D2B9F5CB2D7E31D32013B9E7 /* Debug */,
				AD7B8D1BE82CF86F899D687E /* Release */,
			);
			defaultConfigurationIsVisible = 0;
			defaultConfigurationName = Release;
		};
		80D56AD5FC2D77CE5EE5DE0B /* Build configuration list for PBXNativeTarget "iosApp" */ = {
			isa = XCConfigurationList;
			buildConfigurations = (
				0BD763F8E12526F3DA048FB6 /* Debug */,
				3C49B373D6162F33CF7E9028 /* Release */,
			);
			defaultConfigurationIsVisible = 0;
			defaultConfigurationName = Release;
		};
/* End XCConfigurationList section */

/* Begin XCRemoteSwiftPackageReference section */
		4B18366E2FBCB05400E2AB8C /* XCRemoteSwiftPackageReference "firebase-ios-sdk" */ = {
			isa = XCRemoteSwiftPackageReference;
			repositoryURL = "https://github.com/firebase/firebase-ios-sdk.git";
			requirement = {
				kind = upToNextMajorVersion;
				minimumVersion = 12.13.0;
			};
		};
		4B9AB2813013EAE400D27AD8 /* XCRemoteSwiftPackageReference "recaptcha-enterprise-mobile-sdk" */ = {
			isa = XCRemoteSwiftPackageReference;
			repositoryURL = "https://github.com/GoogleCloudPlatform/recaptcha-enterprise-mobile-sdk";
			requirement = {
				kind = upToNextMajorVersion;
				minimumVersion = 18.9.1;
			};
		};
		4BF97BC82FE7F05300484559 /* XCRemoteSwiftPackageReference "GoogleSignIn-iOS" */ = {
			isa = XCRemoteSwiftPackageReference;
			repositoryURL = "https://github.com/google/GoogleSignIn-iOS.git";
			requirement = {
				kind = upToNextMajorVersion;
				minimumVersion = 9.2.0;
			};
		};
/* End XCRemoteSwiftPackageReference section */

/* Begin XCSwiftPackageProductDependency section */
		4B18366F2FBCB05400E2AB8C /* FirebaseAnalytics */ = {
			isa = XCSwiftPackageProductDependency;
			package = 4B18366E2FBCB05400E2AB8C /* XCRemoteSwiftPackageReference "firebase-ios-sdk" */;
			productName = FirebaseAnalytics;
		};
		4B1836712FBCB05400E2AB8C /* FirebaseAuth */ = {
			isa = XCSwiftPackageProductDependency;
			package = 4B18366E2FBCB05400E2AB8C /* XCRemoteSwiftPackageReference "firebase-ios-sdk" */;
			productName = FirebaseAuth;
		};
		4B1836732FBCB05400E2AB8C /* FirebaseCore */ = {
			isa = XCSwiftPackageProductDependency;
			package = 4B18366E2FBCB05400E2AB8C /* XCRemoteSwiftPackageReference "firebase-ios-sdk" */;
			productName = FirebaseCore;
		};
		4B1836752FBCB05400E2AB8C /* FirebaseCrashlytics */ = {
			isa = XCSwiftPackageProductDependency;
			package = 4B18366E2FBCB05400E2AB8C /* XCRemoteSwiftPackageReference "firebase-ios-sdk" */;
			productName = FirebaseCrashlytics;
		};
		4B1836772FBCB05400E2AB8C /* FirebaseDatabase */ = {
			isa = XCSwiftPackageProductDependency;
			package = 4B18366E2FBCB05400E2AB8C /* XCRemoteSwiftPackageReference "firebase-ios-sdk" */;
			productName = FirebaseDatabase;
		};
		4B1836792FBCB05400E2AB8C /* FirebaseFirestore */ = {
			isa = XCSwiftPackageProductDependency;
			package = 4B18366E2FBCB05400E2AB8C /* XCRemoteSwiftPackageReference "firebase-ios-sdk" */;
			productName = FirebaseFirestore;
		};
		4B18367B2FBCB05400E2AB8C /* FirebaseFunctions */ = {
			isa = XCSwiftPackageProductDependency;
			package = 4B18366E2FBCB05400E2AB8C /* XCRemoteSwiftPackageReference "firebase-ios-sdk" */;
			productName = FirebaseFunctions;
		};
		4B18367D2FBCB05400E2AB8C /* FirebaseMessaging */ = {
			isa = XCSwiftPackageProductDependency;
			package = 4B18366E2FBCB05400E2AB8C /* XCRemoteSwiftPackageReference "firebase-ios-sdk" */;
			productName = FirebaseMessaging;
		};
		4B18367F2FBCB05400E2AB8C /* FirebasePerformance */ = {
			isa = XCSwiftPackageProductDependency;
			package = 4B18366E2FBCB05400E2AB8C /* XCRemoteSwiftPackageReference "firebase-ios-sdk" */;
			productName = FirebasePerformance;
		};
		4B1836812FBCB05400E2AB8C /* FirebaseRemoteConfig */ = {
			isa = XCSwiftPackageProductDependency;
			package = 4B18366E2FBCB05400E2AB8C /* XCRemoteSwiftPackageReference "firebase-ios-sdk" */;
			productName = FirebaseRemoteConfig;
		};
		4B1836832FBCB05400E2AB8C /* FirebaseStorage */ = {
			isa = XCSwiftPackageProductDependency;
			package = 4B18366E2FBCB05400E2AB8C /* XCRemoteSwiftPackageReference "firebase-ios-sdk" */;
			productName = FirebaseStorage;
		};
		4B9AB2823013EAE400D27AD8 /* RecaptchaEnterprise */ = {
			isa = XCSwiftPackageProductDependency;
			package = 4B9AB2813013EAE400D27AD8 /* XCRemoteSwiftPackageReference "recaptcha-enterprise-mobile-sdk" */;
			productName = RecaptchaEnterprise;
		};
		4BDD41BA2FFC3DED000D6110 /* FirebaseAILogic */ = {
			isa = XCSwiftPackageProductDependency;
			package = 4B18366E2FBCB05400E2AB8C /* XCRemoteSwiftPackageReference "firebase-ios-sdk" */;
			productName = FirebaseAILogic;
		};
		4BF442622FC102A700B1150B /* FirebaseAppCheck */ = {
			isa = XCSwiftPackageProductDependency;
			package = 4B18366E2FBCB05400E2AB8C /* XCRemoteSwiftPackageReference "firebase-ios-sdk" */;
			productName = FirebaseAppCheck;
		};
		4BF97BC92FE7F05300484559 /* GoogleSignIn */ = {
			isa = XCSwiftPackageProductDependency;
			package = 4BF97BC82FE7F05300484559 /* XCRemoteSwiftPackageReference "GoogleSignIn-iOS" */;
			productName = GoogleSignIn;
		};
		4BF97BCB2FE7F05300484559 /* GoogleSignInSwift */ = {
			isa = XCSwiftPackageProductDependency;
			package = 4BF97BC82FE7F05300484559 /* XCRemoteSwiftPackageReference "GoogleSignIn-iOS" */;
			productName = GoogleSignInSwift;
		};
/* End XCSwiftPackageProductDependency section */
	};
	rootObject = E47D43EDFC611AD110F8CA55 /* Project object */;
}
